
Microsoft Visual Studio Solution File, Format Version 12.00
# Visual Studio Version 17
VisualStudioVersion = 17.12.35707.178
MinimumVisualStudioVersion = 10.0.40219.1
Project("{FAE04EC0-301F-11D3-BF4B-00C04F79EFBC}") = "BookShop.User", "BookShop\BookShop.User.csproj", "{980BEF76-0D8B-4B24-829C-402D2262EFAA}"
EndProject
Project("{FAE04EC0-301F-11D3-BF4B-00C04F79EFBC}") = "BookShop.Models", "ClassLibrary1\BookShop.Models.csproj", "{2DCF8071-7149-46CF-B6CA-13107E75345F}"
EndProject
Project("{FAE04EC0-301F-11D3-BF4B-00C04F79EFBC}") = "BookShop.Authors", "BookShop.Authors\BookShop.Authors.csproj", "{DEBF7CE7-105C-4647-8FB5-72BC23E0F52A}"
EndProject
Global
	GlobalSection(SolutionConfigurationPlatforms) = preSolution
		Debug|Any CPU = Debug|Any CPU
		Release|Any CPU = Release|Any CPU
	EndGlobalSection
	GlobalSection(ProjectConfigurationPlatforms) = postSolution
		{980BEF76-0D8B-4B24-829C-402D2262EFAA}.Debug|Any CPU.ActiveCfg = Debug|Any CPU
		{980BEF76-0D8B-4B24-829C-402D2262EFAA}.Debug|Any CPU.Build.0 = Debug|Any CPU
		{980BEF76-0D8B-4B24-829C-402D2262EFAA}.Release|Any CPU.ActiveCfg = Release|Any CPU
		{980BEF76-0D8B-4B24-829C-402D2262EFAA}.Release|Any CPU.Build.0 = Release|Any CPU
		{2DCF8071-7149-46CF-B6CA-13107E75345F}.Debug|Any CPU.ActiveCfg = Debug|Any CPU
		{2DCF8071-7149-46CF-B6CA-13107E75345F}.Debug|Any CPU.Build.0 = Debug|Any CPU
		{2DCF8071-7149-46CF-B6CA-13107E75345F}.Release|Any CPU.ActiveCfg = Release|Any CPU
		{2DCF8071-7149-46CF-B6CA-13107E75345F}.Release|Any CPU.Build.0 = Release|Any CPU
		{DEBF7CE7-105C-4647-8FB5-72BC23E0F52A}.Debug|Any CPU.ActiveCfg = Debug|Any CPU
		{DEBF7CE7-105C-4647-8FB5-72BC23E0F52A}.Debug|Any CPU.Build.0 = Debug|Any CPU
		{DEBF7CE7-105C-4647-8FB5-72BC23E0F52A}.Release|Any CPU.ActiveCfg = Release|Any CPU
		{DEBF7CE7-105C-4647-8FB5-72BC23E0F52A}.Release|Any CPU.Build.0 = Release|Any CPU
	EndGlobalSection
	GlobalSection(SolutionProperties) = preSolution
		HideSolutionNode = FALSE
	EndGlobalSection
	GlobalSection(ExtensibilityGlobals) = postSolution
		SolutionGuid = {4B543E93-7381-47FC-82FE-1D2DDBD0FC22}
	EndGlobalSection
EndGlobal
